// !$*UTF8*$!
{
	archiveVersion = 1;
	classes = {
	};
	objectVersion = 77;
	objects = {

/* Begin PBXContainerItemProxy section */
		323B0BC32E7BD41F002F5096 /* PBXContainerItemProxy */ = {
			isa = PBXContainerItemProxy;
			containerPortal = 323B0BAD2E7BD41E002F5096 /* Project object */;
			proxyType = 1;
			remoteGlobalIDString = 323B0BB42E7BD41E002F5096;
			remoteInfo = "sql vuln checker";
		};
		323B0BCD2E7BD41F002F5096 /* PBXContainerItemProxy */ = {
			isa = PBXContainerItemProxy;
			containerPortal = 323B0BAD2E7BD41E002F5096 /* Project object */;
			proxyType = 1;
			remoteGlobalIDString = 323B0BB42E7BD41E002F5096;
			remoteInfo = "sql vuln checker";
		};
/* End PBXContainerItemProxy section */

/* Begin PBXFileReference section */
		323B0BB52E7BD41E002F5096 /* sql vuln checker.app */ = {isa = PBXFileReference; explicitFileType = wrapper.application; includeInIndex = 0; path = "sql vuln checker.app"; sourceTree = BUILT_PRODUCTS_DIR; };
		323B0BC22E7BD41F002F5096 /* sql vuln checkerTests.xctest */ = {isa = PBXFileReference; explicitFileType = wrapper.cfbundle; includeInIndex = 0; path = "sql vuln checkerTests.xctest"; sourceTree = BUILT_PRODUCTS_DIR; };
		323B0BCC2E7BD41F002F5096 /* sql vuln checkerUITests.xctest */ = {isa = PBXFileReference; explicitFileType = wrapper.cfbundle; includeInIndex = 0; path = "sql vuln checkerUITests.xctest"; sourceTree = BUILT_PRODUCTS_DIR; };
/* End PBXFileReference section */

/* Begin PBXFileSystemSynchronizedRootGroup section */
		323B0BB72E7BD41E002F5096 /* sql vuln checker */ = {
			isa = PBXFileSystemSynchronizedRootGroup;
			path = "sql vuln checker";
			sourceTree = "<group>";
		};
		323B0BC52E7BD41F002F5096 /* sql vuln checkerTests */ = {
			isa = PBXFileSystemSynchronizedRootGroup;
			path = "sql vuln checkerTests";
			sourceTree = "<group>";
		};
		323B0BCF2E7BD41F002F5096 /* sql vuln checkerUITests */ = {
			isa = PBXFileSystemSynchronizedRootGroup;
			path = "sql vuln checkerUITests";
			sourceTree = "<group>";
		};
/* End PBXFileSystemSynchronizedRootGroup section */

/* Begin PBXFrameworksBuildPhase section */
		323B0BB22E7BD41E002F5096 /* Frameworks */ = {
			isa = PBXFrameworksBuildPhase;
			buildActionMask = 2147483647;
			files = (
			);
			runOnlyForDeploymentPostprocessing = 0;
		};
		323B0BBF2E7BD41F002F5096 /* Frameworks */ = {
			isa = PBXFrameworksBuildPhase;
			buildActionMask = 2147483647;
			files = (
			);
			runOnlyForDeploymentPostprocessing = 0;
		};
		323B0BC92E7BD41F002F5096 /* Frameworks */ = {
			isa = PBXFrameworksBuildPhase;
			buildActionMask = 2147483647;
			files = (
			);
			runOnlyForDeploymentPostprocessing = 0;
		};
/* End PBXFrameworksBuildPhase section */

/* Begin PBXGroup section */
		323B0BAC2E7BD41E002F5096 = {
			isa = PBXGroup;
			children = (
				323B0BB72E7BD41E002F5096 /* sql vuln checker */,
				323B0BC52E7BD41F002F5096 /* sql vuln checkerTests */,
				323B0BCF2E7BD41F002F5096 /* sql vuln checkerUITests */,
				323B0BB62E7BD41E002F5096 /* Products */,
			);
			sourceTree = "<group>";
		};
		323B0BB62E7BD41E002F5096 /* Products */ = {
			isa = PBXGroup;
			children = (
				323B0BB52E7BD41E002F5096 /* sql vuln checker.app */,
				323B0BC22E7BD41F002F5096 /* sql vuln checkerTests.xctest */,
				323B0BCC2E7BD41F002F5096 /* sql vuln checkerUITests.xctest */,
			);
			name = Products;
			sourceTree = "<group>";
		};
/* End PBXGroup section */

/* Begin PBXNativeTarget section */
		323B0BB42E7BD41E002F5096 /* sql vuln checker */ = {
			isa = PBXNativeTarget;
			buildConfigurationList = 323B0BD62E7BD41F002F5096 /* Build configuration list for PBXNativeTarget "sql vuln checker" */;
			buildPhases = (
				323B0BB12E7BD41E002F5096 /* Sources */,
				323B0BB22E7BD41E002F5096 /* Frameworks */,
				323B0BB32E7BD41E002F5096 /* Resources */,
			);
			buildRules = (
			);
			dependencies = (
			);
			fileSystemSynchronizedGroups = (
				323B0BB72E7BD41E002F5096 /* sql vuln checker */,
			);
			name = "sql vuln checker";
			packageProductDependencies = (
			);
			productName = "sql vuln checker";
			productReference = 323B0BB52E7BD41E002F5096 /* sql vuln checker.app */;
			productType = "com.apple.product-type.application";
		};
		323B0BC12E7BD41F002F5096 /* sql vuln checkerTests */ = {
			isa = PBXNativeTarget;
			buildConfigurationList = 323B0BD92E7BD41F002F5096 /* Build configuration list for PBXNativeTarget "sql vuln checkerTests" */;
			buildPhases = (
				323B0BBE2E7BD41F002F5096 /* Sources */,
				323B0BBF2E7BD41F002F5096 /* Frameworks */,
				323B0BC02E7BD41F002F5096 /* Resources */,
			);
			buildRules = (
			);
			dependencies = (
				323B0BC42E7BD41F002F5096 /* PBXTargetDependency */,
			);
			fileSystemSynchronizedGroups = (
				323B0BC52E7BD41F002F5096 /* sql vuln checkerTests */,
			);
			name = "sql vuln checkerTests";
			packageProductDependencies = (
			);
			productName = "sql vuln checkerTests";
			productReference = 323B0BC22E7BD41F002F5096 /* sql vuln checkerTests.xctest */;
			productType = "com.apple.product-type.bundle.unit-test";
		};
		323B0BCB2E7BD41F002F5096 /* sql vuln checkerUITests */ = {
			isa = PBXNativeTarget;
			buildConfigurationList = 323B0BDC2E7BD41F002F5096 /* Build configuration list for PBXNativeTarget "sql vuln checkerUITests" */;
			buildPhases = (
				323B0BC82E7BD41F002F5096 /* Sources */,
				323B0BC92E7BD41F002F5096 /* Frameworks */,
				323B0BCA2E7BD41F002F5096 /* Resources */,
			);
			buildRules = (
			);
			dependencies = (
				323B0BCE2E7BD41F002F5096 /* PBXTargetDependency */,
			);
			fileSystemSynchronizedGroups = (
				323B0BCF2E7BD41F002F5096 /* sql vuln checkerUITests */,
			);
			name = "sql vuln checkerUITests";
			packageProductDependencies = (
			);
			productName = "sql vuln checkerUITests";
			productReference = 323B0BCC2E7BD41F002F5096 /* sql vuln checkerUITests.xctest */;
			productType = "com.apple.product-type.bundle.ui-testing";
		};
/* End PBXNativeTarget section */

/* Begin PBXProject section */
		323B0BAD2E7BD41E002F5096 /* Project object */ = {
			isa = PBXProject;
			attributes = {
				BuildIndependentTargetsInParallel = 1;
				LastSwiftUpdateCheck = 1640;
				LastUpgradeCheck = 1640;
				TargetAttributes = {
					323B0BB42E7BD41E002F5096 = {
						CreatedOnToolsVersion = 16.4;
					};
					323B0BC12E7BD41F002F5096 = {
						CreatedOnToolsVersion = 16.4;
						TestTargetID = 323B0BB42E7BD41E002F5096;
					};
					323B0BCB2E7BD41F002F5096 = {
						CreatedOnToolsVersion = 16.4;
						TestTargetID = 323B0BB42E7BD41E002F5096;
					};
				};
			};
			buildConfigurationList = 323B0BB02E7BD41E002F5096 /* Build configuration list for PBXProject "sql vuln checker" */;
			developmentRegion = en;
			hasScannedForEncodings = 0;
			knownRegions = (
				en,
				Base,
			);
			mainGroup = 323B0BAC2E7BD41E002F5096;
			minimizedProjectReferenceProxies = 1;
			preferredProjectObjectVersion = 77;
			productRefGroup = 323B0BB62E7BD41E002F5096 /* Products */;
			projectDirPath = "";
			projectRoot = "";
			targets = (
				323B0BB42E7BD41E002F5096 /* sql vuln checker */,
				323B0BC12E7BD41F002F5096 /* sql vuln checkerTests */,
				323B0BCB2E7BD41F002F5096 /* sql vuln checkerUITests */,
			);
		};
/* End PBXProject section */

/* Begin PBXResourcesBuildPhase section */
		323B0BB32E7BD41E002F5096 /* Resources */ = {
			isa = PBXResourcesBuildPhase;
			buildActionMask = 2147483647;
			files = (
			);
			runOnlyForDeploymentPostprocessing = 0;
		};
		323B0BC02E7BD41F002F5096 /* Resources */ = {
			isa = PBXResourcesBuildPhase;
			buildActionMask = 2147483647;
			files = (
			);
			runOnlyForDeploymentPostprocessing = 0;
		};
		323B0BCA2E7BD41F002F5096 /* Resources */ = {
			isa = PBXResourcesBuildPhase;
			buildActionMask = 2147483647;
			files = (
			);
			runOnlyForDeploymentPostprocessing = 0;
		};
/* End PBXResourcesBuildPhase section */

/* Begin PBXSourcesBuildPhase section */
		323B0BB12E7BD41E002F5096 /* Sources */ = {
			isa = PBXSourcesBuildPhase;
			buildActionMask = 2147483647;
			files = (
			);
			runOnlyForDeploymentPostprocessing = 0;
		};
		323B0BBE2E7BD41F002F5096 /* Sources */ = {
			isa = PBXSourcesBuildPhase;
			buildActionMask = 2147483647;
			files = (
			);
			runOnlyForDeploymentPostprocessing = 0;
		};
		323B0BC82E7BD41F002F5096 /* Sources */ = {
			isa = PBXSourcesBuildPhase;
			buildActionMask = 2147483647;
			files = (
			);
			runOnlyForDeploymentPostprocessing = 0;
		};
/* End PBXSourcesBuildPhase section */

/* Begin PBXTargetDependency section */
		323B0BC42E7BD41F002F5096 /* PBXTargetDependency */ = {
			isa = PBXTargetDependency;
			target = 323B0BB42E7BD41E002F5096 /* sql vuln checker */;
			targetProxy = 323B0BC32E7BD41F002F5096 /* PBXContainerItemProxy */;
		};
		323B0BCE2E7BD41F002F5096 /* PBXTargetDependency */ = {
			isa = PBXTargetDependency;
			target = 323B0BB42E7BD41E002F5096 /* sql vuln checker */;
			targetProxy = 323B0BCD2E7BD41F002F5096 /* PBXContainerItemProxy */;
		};
/* End PBXTargetDependency section */

/* Begin XCBuildConfiguration section */
		323B0BD42E7BD41F002F5096 /* Debug */ = {
			isa = XCBuildConfiguration;
			buildSettings = {
				ALWAYS_SEARCH_USER_PATHS = NO;
				ASSETCATALOG_COMPILER_GENERATE_SWIFT_ASSET_SYMBOL_EXTENSIONS = YES;
				CLANG_ANALYZER_NONNULL = YES;
				CLANG_ANALYZER_NUMBER_OBJECT_CONVERSION = YES_AGGRESSIVE;
				CLANG_CXX_LANGUAGE_STANDARD = "gnu++20";
				CLANG_ENABLE_MODULES = YES;
				CLANG_ENABLE_OBJC_ARC = YES;
				CLANG_ENABLE_OBJC_WEAK = YES;
				CLANG_WARN_BLOCK_CAPTURE_AUTORELEASING = YES;
				CLANG_WARN_BOOL_CONVERSION = YES;
				CLANG_WARN_COMMA = YES;
				CLANG_WARN_CONSTANT_CONVERSION = YES;
				CLANG_WARN_DEPRECATED_OBJC_IMPLEMENTATIONS = YES;
				CLANG_WARN_DIRECT_OBJC_ISA_USAGE = YES_ERROR;
				CLANG_WARN_DOCUMENTATION_COMMENTS = YES;
				CLANG_WARN_EMPTY_BODY = YES;
				CLANG_WARN_ENUM_CONVERSION = YES;
				CLANG_WARN_INFINITE_RECURSION = YES;
				CLANG_WARN_INT_CONVERSION = YES;
				CLANG_WARN_NON_LITERAL_NULL_CONVERSION = YES;
				CLANG_WARN_OBJC_IMPLICIT_RETAIN_SELF = YES;
				CLANG_WARN_OBJC_LITERAL_CONVERSION = YES;
				CLANG_WARN_OBJC_ROOT_CLASS = YES_ERROR;
				CLANG_WARN_QUOTED_INCLUDE_IN_FRAMEWORK_HEADER = YES;
				CLANG_WARN_RANGE_LOOP_ANALYSIS = YES;
				CLANG_WARN_STRICT_PROTOTYPES = YES;
				CLANG_WARN_SUSPICIOUS_MOVE = YES;
				CLANG_WARN_UNGUARDED_AVAILABILITY = YES_AGGRESSIVE;
				CLANG_WARN_UNREACHABLE_CODE = YES;
				CLANG_WARN__DUPLICATE_METHOD_MATCH = YES;
				COPY_PHASE_STRIP = NO;
				DEBUG_INFORMATION_FORMAT = dwarf;
				ENABLE_STRICT_OBJC_MSGSEND = YES;
				ENABLE_TESTABILITY = YES;
				ENABLE_USER_SCRIPT_SANDBOXING = YES;
				GCC_C_LANGUAGE_STANDARD = gnu17;
				GCC_DYNAMIC_NO_PIC = NO;
				GCC_NO_COMMON_BLOCKS = YES;
				GCC_OPTIMIZATION_LEVEL = 0;
				GCC_PREPROCESSOR_DEFINITIONS = (
					"DEBUG=1",
					"$(inherited)",
				);
				GCC_WARN_64_TO_32_BIT_CONVERSION = YES;
				GCC_WARN_ABOUT_RETURN_TYPE = YES_ERROR;
				GCC_WARN_UNDECLARED_SELECTOR = YES;
				GCC_WARN_UNINITIALIZED_AUTOS = YES_AGGRESSIVE;
				GCC_WARN_UNUSED_FUNCTION = YES;
				GCC_WARN_UNUSED_VARIABLE = YES;
				IPHONEOS_DEPLOYMENT_TARGET = 18.5;
				LOCALIZATION_PREFERS_STRING_CATALOGS = YES;
				MTL_ENABLE_DEBUG_INFO = INCLUDE_SOURCE;
				MTL_FAST_MATH = YES;
				ONLY_ACTIVE_ARCH = YES;
				SDKROOT = iphoneos;
				SWIFT_ACTIVE_COMPILATION_CONDITIONS = "DEBUG $(inherited)";
				SWIFT_OPTIMIZATION_LEVEL = "-Onone";
			};
			name = Debug;
		};
		323B0BD52E7BD41F002F5096 /* Release */ = {
			isa = XCBuildConfiguration;
			buildSettings = {
				ALWAYS_SEARCH_USER_PATHS = NO;
				ASSETCATALOG_COMPILER_GENERATE_SWIFT_ASSET_SYMBOL_EXTENSIONS = YES;
				CLANG_ANALYZER_NONNULL = YES;
				CLANG_ANALYZER_NUMBER_OBJECT_CONVERSION = YES_AGGRESSIVE;
				CLANG_CXX_LANGUAGE_STANDARD = "gnu++20";
				CLANG_ENABLE_MODULES = YES;
				CLANG_ENABLE_OBJC_ARC = YES;
				CLANG_ENABLE_OBJC_WEAK = YES;
				CLANG_WARN_BLOCK_CAPTURE_AUTORELEASING = YES;
				CLANG_WARN_BOOL_CONVERSION = YES;
				CLANG_WARN_COMMA = YES;
				CLANG_WARN_CONSTANT_CONVERSION = YES;
				CLANG_WARN_DEPRECATED_OBJC_IMPLEMENTATIONS = YES;
				CLANG_WARN_DIRECT_OBJC_ISA_USAGE = YES_ERROR;
				CLANG_WARN_DOCUMENTATION_COMMENTS = YES;
				CLANG_WARN_EMPTY_BODY = YES;
				CLANG_WARN_ENUM_CONVERSION = YES;
				CLANG_WARN_INFINITE_RECURSION = YES;
				CLANG_WARN_INT_CONVERSION = YES;
				CLANG_WARN_NON_LITERAL_NULL_CONVERSION = YES;
				CLANG_WARN_OBJC_IMPLICIT_RETAIN_SELF = YES;
				CLANG_WARN_OBJC_LITERAL_CONVERSION = YES;
				CLANG_WARN_OBJC_ROOT_CLASS = YES_ERROR;
				CLANG_WARN_QUOTED_INCLUDE_IN_FRAMEWORK_HEADER = YES;
				CLANG_WARN_RANGE_LOOP_ANALYSIS = YES;
				CLANG_WARN_STRICT_PROTOTYPES = YES;
				CLANG_WARN_SUSPICIOUS_MOVE = YES;
				CLANG_WARN_UNGUARDED_AVAILABILITY = YES_AGGRESSIVE;
				CLANG_WARN_UNREACHABLE_CODE = YES;
				CLANG_WARN__DUPLICATE_METHOD_MATCH = YES;
				COPY_PHASE_STRIP = NO;
				DEBUG_INFORMATION_FORMAT = "dwarf-with-dsym";
				ENABLE_NS_ASSERTIONS = NO;
				ENABLE_STRICT_OBJC_MSGSEND = YES;
				ENABLE_USER_SCRIPT_SANDBOXING = YES;
				GCC_C_LANGUAGE_STANDARD = gnu17;
				GCC_NO_COMMON_BLOCKS = YES;
				GCC_WARN_64_TO_32_BIT_CONVERSION = YES;
				GCC_WARN_ABOUT_RETURN_TYPE = YES_ERROR;
				GCC_WARN_UNDECLARED_SELECTOR = YES;
				GCC_WARN_UNINITIALIZED_AUTOS = YES_AGGRESSIVE;
				GCC_WARN_UNUSED_FUNCTION = YES;
				GCC_WARN_UNUSED_VARIABLE = YES;
				IPHONEOS_DEPLOYMENT_TARGET = 18.5;
				LOCALIZATION_PREFERS_STRING_CATALOGS = YES;
				MTL_ENABLE_DEBUG_INFO = NO;
				MTL_FAST_MATH = YES;
				SDKROOT = iphoneos;
				SWIFT_COMPILATION_MODE = wholemodule;
				VALIDATE_PRODUCT = YES;
			};
			name = Release;
		};
		323B0BD72E7BD41F002F5096 /* Debug */ = {
			isa = XCBuildConfiguration;
			buildSettings = {
				ASSETCATALOG_COMPILER_APPICON_NAME = AppIcon;
				ASSETCATALOG_COMPILER_GLOBAL_ACCENT_COLOR_NAME = AccentColor;
				CODE_SIGN_STYLE = Automatic;
				CURRENT_PROJECT_VERSION = 1;
				ENABLE_PREVIEWS = YES;
				GENERATE_INFOPLIST_FILE = YES;
				INFOPLIST_KEY_UIApplicationSceneManifest_Generation = YES;
				INFOPLIST_KEY_UIApplicationSupportsIndirectInputEvents = YES;
				INFOPLIST_KEY_UILaunchScreen_Generation = YES;
				INFOPLIST_KEY_UISupportedInterfaceOrientations_iPad = "UIInterfaceOrientationPortrait UIInterfaceOrientationPortraitUpsideDown UIInterfaceOrientationLandscapeLeft UIInterfaceOrientationLandscapeRight";
				INFOPLIST_KEY_UISupportedInterfaceOrientations_iPhone = "UIInterfaceOrientationPortrait UIInterfaceOrientationLandscapeLeft UIInterfaceOrientationLandscapeRight";
				LD_RUNPATH_SEARCH_PATHS = (
					"$(inherited)",
					"@executable_path/Frameworks",
				);
				MARKETING_VERSION = 1.0;
				PRODUCT_BUNDLE_IDENTIFIER = "com.zerosec.sql-vuln-checker";
				PRODUCT_NAME = "$(TARGET_NAME)";
				SWIFT_EMIT_LOC_STRINGS = YES;
				SWIFT_VERSION = 5.0;
				TARGETED_DEVICE_FAMILY = "1,2";
			};
			name = Debug;
		};
		323B0BD82E7BD41F002F5096 /* Release */ = {
			isa = XCBuildConfiguration;
			buildSettings = {
				ASSETCATALOG_COMPILER_APPICON_NAME = AppIcon;
				ASSETCATALOG_COMPILER_GLOBAL_ACCENT_COLOR_NAME = AccentColor;
				CODE_SIGN_STYLE = Automatic;
				CURRENT_PROJECT_VERSION = 1;
				ENABLE_PREVIEWS = YES;
				GENERATE_INFOPLIST_FILE = YES;
				INFOPLIST_KEY_UIApplicationSceneManifest_Generation = YES;
				INFOPLIST_KEY_UIApplicationSupportsIndirectInputEvents = YES;
				INFOPLIST_KEY_UILaunchScreen_Generation = YES;
				INFOPLIST_KEY_UISupportedInterfaceOrientations_iPad = "UIInterfaceOrientationPortrait UIInterfaceOrientationPortraitUpsideDown UIInterfaceOrientationLandscapeLeft UIInterfaceOrientationLandscapeRight";
				INFOPLIST_KEY_UISupportedInterfaceOrientations_iPhone = "UIInterfaceOrientationPortrait UIInterfaceOrientationLandscapeLeft UIInterfaceOrientationLandscapeRight";
				LD_RUNPATH_SEARCH_PATHS = (
					"$(inherited)",
					"@executable_path/Frameworks",
				);
				MARKETING_VERSION = 1.0;
				PRODUCT_BUNDLE_IDENTIFIER = "com.zerosec.sql-vuln-checker";
				PRODUCT_NAME = "$(TARGET_NAME)";
				SWIFT_EMIT_LOC_STRINGS = YES;
				SWIFT_VERSION = 5.0;
				TARGETED_DEVICE_FAMILY = "1,2";
			};
			name = Release;
		};
		323B0BDA2E7BD41F002F5096 /* Debug */ = {
			isa = XCBuildConfiguration;
			buildSettings = {
				BUNDLE_LOADER = "$(TEST_HOST)";
				CODE_SIGN_STYLE = Automatic;
				CURRENT_PROJECT_VERSION = 1;
				GENERATE_INFOPLIST_FILE = YES;
				IPHONEOS_DEPLOYMENT_TARGET = 18.5;
				MARKETING_VERSION = 1.0;
				PRODUCT_BUNDLE_IDENTIFIER = "com.zerosec.sql-vuln-checkerTests";
				PRODUCT_NAME = "$(TARGET_NAME)";
				SWIFT_EMIT_LOC_STRINGS = NO;
				SWIFT_VERSION = 5.0;
				TARGETED_DEVICE_FAMILY = "1,2";
				TEST_HOST = "$(BUILT_PRODUCTS_DIR)/sql vuln checker.app/$(BUNDLE_EXECUTABLE_FOLDER_PATH)/sql vuln checker";
			};
			name = Debug;
		};
		323B0BDB2E7BD41F002F5096 /* Release */ = {
			isa = XCBuildConfiguration;
			buildSettings = {
				BUNDLE_LOADER = "$(TEST_HOST)";
				CODE_SIGN_STYLE = Automatic;
				CURRENT_PROJECT_VERSION = 1;
				GENERATE_INFOPLIST_FILE = YES;
				IPHONEOS_DEPLOYMENT_TARGET = 18.5;
				MARKETING_VERSION = 1.0;
				PRODUCT_BUNDLE_IDENTIFIER = "com.zerosec.sql-vuln-checkerTests";
				PRODUCT_NAME = "$(TARGET_NAME)";
				SWIFT_EMIT_LOC_STRINGS = NO;
				SWIFT_VERSION = 5.0;
				TARGETED_DEVICE_FAMILY = "1,2";
				TEST_HOST = "$(BUILT_PRODUCTS_DIR)/sql vuln checker.app/$(BUNDLE_EXECUTABLE_FOLDER_PATH)/sql vuln checker";
			};
			name = Release;
		};
		323B0BDD2E7BD41F002F5096 /* Debug */ = {
			isa = XCBuildConfiguration;
			buildSettings = {
				CODE_SIGN_STYLE = Automatic;
				CURRENT_PROJECT_VERSION = 1;
				GENERATE_INFOPLIST_FILE = YES;
				MARKETING_VERSION = 1.0;
				PRODUCT_BUNDLE_IDENTIFIER = "com.zerosec.sql-vuln-checkerUITests";
				PRODUCT_NAME = "$(TARGET_NAME)";
				SWIFT_EMIT_LOC_STRINGS = NO;
				SWIFT_VERSION = 5.0;
				TARGETED_DEVICE_FAMILY = "1,2";
				TEST_TARGET_NAME = "sql vuln checker";
			};
			name = Debug;
		};
		323B0BDE2E7BD41F002F5096 /* Release */ = {
			isa = XCBuildConfiguration;
			buildSettings = {
				CODE_SIGN_STYLE = Automatic;
				CURRENT_PROJECT_VERSION = 1;
				GENERATE_INFOPLIST_FILE = YES;
				MARKETING_VERSION = 1.0;
				PRODUCT_BUNDLE_IDENTIFIER = "com.zerosec.sql-vuln-checkerUITests";
				PRODUCT_NAME = "$(TARGET_NAME)";
				SWIFT_EMIT_LOC_STRINGS = NO;
				SWIFT_VERSION = 5.0;
				TARGETED_DEVICE_FAMILY = "1,2";
				TEST_TARGET_NAME = "sql vuln checker";
			};
			name = Release;
		};
/* End XCBuildConfiguration section */

/* Begin XCConfigurationList section */
		323B0BB02E7BD41E002F5096 /* Build configuration list for PBXProject "sql vuln checker" */ = {
			isa = XCConfigurationList;
			buildConfigurations = (
				323B0BD42E7BD41F002F5096 /* Debug */,
				323B0BD52E7BD41F002F5096 /* Release */,
			);
			defaultConfigurationIsVisible = 0;
			defaultConfigurationName = Release;
		};
		323B0BD62E7BD41F002F5096 /* Build configuration list for PBXNativeTarget "sql vuln checker" */ = {
			isa = XCConfigurationList;
			buildConfigurations = (
				323B0BD72E7BD41F002F5096 /* Debug */,
				323B0BD82E7BD41F002F5096 /* Release */,
			);
			defaultConfigurationIsVisible = 0;
			defaultConfigurationName = Release;
		};
		323B0BD92E7BD41F002F5096 /* Build configuration list for PBXNativeTarget "sql vuln checkerTests" */ = {
			isa = XCConfigurationList;
			buildConfigurations = (
				323B0BDA2E7BD41F002F5096 /* Debug */,
				323B0BDB2E7BD41F002F5096 /* Release */,
			);
			defaultConfigurationIsVisible = 0;
			defaultConfigurationName = Release;
		};
		323B0BDC2E7BD41F002F5096 /* Build configuration list for PBXNativeTarget "sql vuln checkerUITests" */ = {
			isa = XCConfigurationList;
			buildConfigurations = (
				323B0BDD2E7BD41F002F5096 /* Debug */,
				323B0BDE2E7BD41F002F5096 /* Release */,
			);
			defaultConfigurationIsVisible = 0;
			defaultConfigurationName = Release;
		};
/* End XCConfigurationList section */
	};
	rootObject = 323B0BAD2E7BD41E002F5096 /* Project object */;
}
